
Microsoft Visual Studio Solution File, Format Version 12.00
Project("{FAE04EC0-301F-11D3-BF4B-00C04F79EFBC}") = "InfectedRose.Terrain", "InfectedRose.Terrain\InfectedRose.Terrain.csproj", "{C5948668-31F0-457F-A1D7-A32DB85A6A5D}"
EndProject
Project("{FAE04EC0-301F-11D3-BF4B-00C04F79EFBC}") = "InfectedRose.Core", "InfectedRose.Core\InfectedRose.Core.csproj", "{2D0A3B97-ACED-487E-AF18-F6E81627D0F6}"
EndProject
Project("{FAE04EC0-301F-11D3-BF4B-00C04F79EFBC}") = "InfectedRose.Luz", "InfectedRose.Luz\InfectedRose.Luz.csproj", "{0C38A6FC-7EF9-4B97-B767-6A2F40962D29}"
EndProject
Project("{FAE04EC0-301F-11D3-BF4B-00C04F79EFBC}") = "InfectedRose.Lvl", "InfectedRose.Lvl\InfectedRose.Lvl.csproj", "{8BC6E972-A4B6-4D79-9948-A3265FAAF2FC}"
EndProject
Project("{FAE04EC0-301F-11D3-BF4B-00C04F79EFBC}") = "InfectedRose.Database", "InfectedRose.Database\InfectedRose.Database.csproj", "{94A2F951-BA5B-4C51-9EC5-C909D97D30A3}"
EndProject
Project("{FAE04EC0-301F-11D3-BF4B-00C04F79EFBC}") = "InfectedRose.Nif", "InfectedRose.Nif\InfectedRose.Nif.csproj", "{BDCD4970-7BFF-4C69-B866-F022583D9E18}"
EndProject
Project("{FAE04EC0-301F-11D3-BF4B-00C04F79EFBC}") = "InfectedRose.Geometry", "InfectedRose.Geometry\InfectedRose.Geometry.csproj", "{FB5AAB34-0F07-474D-8D4E-98809D405E7C}"
EndProject
Project("{FAE04EC0-301F-11D3-BF4B-00C04F79EFBC}") = "InfectedRose.Triggers", "InfectedRose.Triggers\InfectedRose.Triggers.csproj", "{BEDC8B5F-BDA4-47DD-8103-36184D0499C4}"
EndProject
Project("{FAE04EC0-301F-11D3-BF4B-00C04F79EFBC}") = "InfectedRose.Patcher", "InfectedRose.Patcher\InfectedRose.Patcher.csproj", "{F5E9CCF9-C9CA-479E-9B40-77F3140C1885}"
EndProject
Project("{FAE04EC0-301F-11D3-BF4B-00C04F79EFBC}") = "InfectedRose.Unity", "InfectedRose.Unity\InfectedRose.Unity.csproj", "{A9A11C09-DC82-4C8D-ADDF-04CF2F3B3DC7}"
EndProject
Project("{FAE04EC0-301F-11D3-BF4B-00C04F79EFBC}") = "Sandbox", "Sandbox\Sandbox.csproj", "{4C2D68E2-3995-4AB6-BAFC-0F992B711E42}"
EndProject
Project("{FAE04EC0-301F-11D3-BF4B-00C04F79EFBC}") = "InfectedRose.Utilities", "InfectedRose.Utilities\InfectedRose.Utilities.csproj", "{66233254-3BF3-4AC8-84C8-83DF6E956753}"
EndProject
Global
	GlobalSection(SolutionConfigurationPlatforms) = preSolution
		Debug|Any CPU = Debug|Any CPU
		Release|Any CPU = Release|Any CPU
	EndGlobalSection
	GlobalSection(ProjectConfigurationPlatforms) = postSolution
		{C5948668-31F0-457F-A1D7-A32DB85A6A5D}.Debug|Any CPU.ActiveCfg = Debug|Any CPU
		{C5948668-31F0-457F-A1D7-A32DB85A6A5D}.Debug|Any CPU.Build.0 = Debug|Any CPU
		{C5948668-31F0-457F-A1D7-A32DB85A6A5D}.Release|Any CPU.ActiveCfg = Release|Any CPU
		{C5948668-31F0-457F-A1D7-A32DB85A6A5D}.Release|Any CPU.Build.0 = Release|Any CPU
		{135A3A1D-3C81-45AB-9195-DEB44D2581F4}.Debug|Any CPU.ActiveCfg = Debug|Any CPU
		{135A3A1D-3C81-45AB-9195-DEB44D2581F4}.Debug|Any CPU.Build.0 = Debug|Any CPU
		{135A3A1D-3C81-45AB-9195-DEB44D2581F4}.Release|Any CPU.ActiveCfg = Release|Any CPU
		{135A3A1D-3C81-45AB-9195-DEB44D2581F4}.Release|Any CPU.Build.0 = Release|Any CPU
		{2D0A3B97-ACED-487E-AF18-F6E81627D0F6}.Debug|Any CPU.ActiveCfg = Debug|Any CPU
		{2D0A3B97-ACED-487E-AF18-F6E81627D0F6}.Debug|Any CPU.Build.0 = Debug|Any CPU
		{2D0A3B97-ACED-487E-AF18-F6E81627D0F6}.Release|Any CPU.ActiveCfg = Release|Any CPU
		{2D0A3B97-ACED-487E-AF18-F6E81627D0F6}.Release|Any CPU.Build.0 = Release|Any CPU
		{0C38A6FC-7EF9-4B97-B767-6A2F40962D29}.Debug|Any CPU.ActiveCfg = Debug|Any CPU
		{0C38A6FC-7EF9-4B97-B767-6A2F40962D29}.Debug|Any CPU.Build.0 = Debug|Any CPU
		{0C38A6FC-7EF9-4B97-B767-6A2F40962D29}.Release|Any CPU.ActiveCfg = Release|Any CPU
		{0C38A6FC-7EF9-4B97-B767-6A2F40962D29}.Release|Any CPU.Build.0 = Release|Any CPU
		{8BC6E972-A4B6-4D79-9948-A3265FAAF2FC}.Debug|Any CPU.ActiveCfg = Debug|Any CPU
		{8BC6E972-A4B6-4D79-9948-A3265FAAF2FC}.Debug|Any CPU.Build.0 = Debug|Any CPU
		{8BC6E972-A4B6-4D79-9948-A3265FAAF2FC}.Release|Any CPU.ActiveCfg = Release|Any CPU
		{8BC6E972-A4B6-4D79-9948-A3265FAAF2FC}.Release|Any CPU.Build.0 = Release|Any CPU
		{94A2F951-BA5B-4C51-9EC5-C909D97D30A3}.Debug|Any CPU.ActiveCfg = Debug|Any CPU
		{94A2F951-BA5B-4C51-9EC5-C909D97D30A3}.Debug|Any CPU.Build.0 = Debug|Any CPU
		{94A2F951-BA5B-4C51-9EC5-C909D97D30A3}.Release|Any CPU.ActiveCfg = Release|Any CPU
		{94A2F951-BA5B-4C51-9EC5-C909D97D30A3}.Release|Any CPU.Build.0 = Release|Any CPU
		{C5BEDCE5-382D-4963-B68F-F098A9EB3CA8}.Debug|Any CPU.ActiveCfg = Debug|Any CPU
		{C5BEDCE5-382D-4963-B68F-F098A9EB3CA8}.Debug|Any CPU.Build.0 = Debug|Any CPU
		{C5BEDCE5-382D-4963-B68F-F098A9EB3CA8}.Release|Any CPU.ActiveCfg = Release|Any CPU
		{C5BEDCE5-382D-4963-B68F-F098A9EB3CA8}.Release|Any CPU.Build.0 = Release|Any CPU
		{BDCD4970-7BFF-4C69-B866-F022583D9E18}.Debug|Any CPU.ActiveCfg = Debug|Any CPU
		{BDCD4970-7BFF-4C69-B866-F022583D9E18}.Debug|Any CPU.Build.0 = Debug|Any CPU
		{BDCD4970-7BFF-4C69-B866-F022583D9E18}.Release|Any CPU.ActiveCfg = Release|Any CPU
		{BDCD4970-7BFF-4C69-B866-F022583D9E18}.Release|Any CPU.Build.0 = Release|Any CPU
		{FB5AAB34-0F07-474D-8D4E-98809D405E7C}.Debug|Any CPU.ActiveCfg = Debug|Any CPU
		{FB5AAB34-0F07-474D-8D4E-98809D405E7C}.Debug|Any CPU.Build.0 = Debug|Any CPU
		{FB5AAB34-0F07-474D-8D4E-98809D405E7C}.Release|Any CPU.ActiveCfg = Release|Any CPU
		{FB5AAB34-0F07-474D-8D4E-98809D405E7C}.Release|Any CPU.Build.0 = Release|Any CPU
		{BEDC8B5F-BDA4-47DD-8103-36184D0499C4}.Debug|Any CPU.ActiveCfg = Debug|Any CPU
		{BEDC8B5F-BDA4-47DD-8103-36184D0499C4}.Debug|Any CPU.Build.0 = Debug|Any CPU
		{BEDC8B5F-BDA4-47DD-8103-36184D0499C4}.Release|Any CPU.ActiveCfg = Release|Any CPU
		{BEDC8B5F-BDA4-47DD-8103-36184D0499C4}.Release|Any CPU.Build.0 = Release|Any CPU
		{2E756C26-720A-47C1-B1C9-7D936DB766DB}.Debug|Any CPU.ActiveCfg = Debug|Any CPU
		{2E756C26-720A-47C1-B1C9-7D936DB766DB}.Debug|Any CPU.Build.0 = Debug|Any CPU
		{2E756C26-720A-47C1-B1C9-7D936DB766DB}.Release|Any CPU.ActiveCfg = Release|Any CPU
		{2E756C26-720A-47C1-B1C9-7D936DB766DB}.Release|Any CPU.Build.0 = Release|Any CPU
		{F5E9CCF9-C9CA-479E-9B40-77F3140C1885}.Debug|Any CPU.ActiveCfg = Debug|Any CPU
		{F5E9CCF9-C9CA-479E-9B40-77F3140C1885}.Debug|Any CPU.Build.0 = Debug|Any CPU
		{F5E9CCF9-C9CA-479E-9B40-77F3140C1885}.Release|Any CPU.ActiveCfg = Release|Any CPU
		{F5E9CCF9-C9CA-479E-9B40-77F3140C1885}.Release|Any CPU.Build.0 = Release|Any CPU
		{A9A11C09-DC82-4C8D-ADDF-04CF2F3B3DC7}.Debug|Any CPU.ActiveCfg = Debug|Any CPU
		{A9A11C09-DC82-4C8D-ADDF-04CF2F3B3DC7}.Debug|Any CPU.Build.0 = Debug|Any CPU
		{A9A11C09-DC82-4C8D-ADDF-04CF2F3B3DC7}.Release|Any CPU.ActiveCfg = Release|Any CPU
		{A9A11C09-DC82-4C8D-ADDF-04CF2F3B3DC7}.Release|Any CPU.Build.0 = Release|Any CPU
		{4C2D68E2-3995-4AB6-BAFC-0F992B711E42}.Debug|Any CPU.ActiveCfg = Debug|Any CPU
		{4C2D68E2-3995-4AB6-BAFC-0F992B711E42}.Debug|Any CPU.Build.0 = Debug|Any CPU
		{4C2D68E2-3995-4AB6-BAFC-0F992B711E42}.Release|Any CPU.ActiveCfg = Release|Any CPU
		{4C2D68E2-3995-4AB6-BAFC-0F992B711E42}.Release|Any CPU.Build.0 = Release|Any CPU
		{66233254-3BF3-4AC8-84C8-83DF6E956753}.Debug|Any CPU.ActiveCfg = Debug|Any CPU
		{66233254-3BF3-4AC8-84C8-83DF6E956753}.Debug|Any CPU.Build.0 = Debug|Any CPU
		{66233254-3BF3-4AC8-84C8-83DF6E956753}.Release|Any CPU.ActiveCfg = Release|Any CPU
		{66233254-3BF3-4AC8-84C8-83DF6E956753}.Release|Any CPU.Build.0 = Release|Any CPU
	EndGlobalSection
EndGlobal
